// !$*UTF8*$!
{
	archiveVersion = 1;
	classes = {
	};
	objectVersion = 46;
	objects = {

/* Begin PBXBuildFile section */
		D40BBFE2219BE01000B0EC4A /* main.cpp in Sources */ = {isa = PBXBuildFile; fileRef = D40BBFE1219BE01000B0EC4A /* main.cpp */; };
		D40BBFF8219BE6F800B0EC4A /* runVectorTests.cpp in Sources */ = {isa = PBXBuildFile; fileRef = D40BBFF7219BE6F800B0EC4A /* runVectorTests.cpp */; };
		D4652C6B219E5D1A003B140B /* runMapTests.cpp in Sources */ = {isa = PBXBuildFile; fileRef = D4652C6A219E5D1A003B140B /* runMapTests.cpp */; };
		D4652C70219E6AD1003B140B /* runPairTests.cpp in Sources */ = {isa = PBXBuildFile; fileRef = D4652C6F219E6AD1003B140B /* runPairTests.cpp */; };
/* End PBXBuildFile section */

/* Begin PBXCopyFilesBuildPhase section */
		D40BBFDC219BE01000B0EC4A /* CopyFiles */ = {
			isa = PBXCopyFilesBuildPhase;
			buildActionMask = 2147483647;
			dstPath = /usr/share/man/man1/;
			dstSubfolderSpec = 0;
			files = (
			);
			runOnlyForDeploymentPostprocessing = 1;
		};
/* End PBXCopyFilesBuildPhase section */

/* Begin PBXFileReference section */
		D40BBFDE219BE01000B0EC4A /* STL */ = {isa = PBXFileReference; explicitFileType = "compiled.mach-o.executable"; includeInIndex = 0; path = STL; sourceTree = BUILT_PRODUCTS_DIR; };
		D40BBFE1219BE01000B0EC4A /* main.cpp */ = {isa = PBXFileReference; lastKnownFileType = sourcecode.cpp.cpp; path = main.cpp; sourceTree = "<group>"; };
		D40BBFF4219BE6E300B0EC4A /* myVector.h */ = {isa = PBXFileReference; fileEncoding = 4; lastKnownFileType = sourcecode.c.h; name = myVector.h; path = lib/myVector.h; sourceTree = "<group>"; };
		D40BBFF5219BE6E300B0EC4A /* runTests.h */ = {isa = PBXFileReference; fileEncoding = 4; lastKnownFileType = sourcecode.c.h; name = runTests.h; path = lib/runTests.h; sourceTree = "<group>"; };
		D40BBFF6219BE6E300B0EC4A /* runVectorTests.h */ = {isa = PBXFileReference; fileEncoding = 4; lastKnownFileType = sourcecode.c.h; name = runVectorTests.h; path = lib/runVectorTests.h; sourceTree = "<group>"; };
		D40BBFF7219BE6F800B0EC4A /* runVectorTests.cpp */ = {isa = PBXFileReference; fileEncoding = 4; lastKnownFileType = sourcecode.cpp.cpp; name = runVectorTests.cpp; path = implementation/runVectorTests.cpp; sourceTree = "<group>"; };
		D4652C67219E585A003B140B /* myMap.h */ = {isa = PBXFileReference; fileEncoding = 4; lastKnownFileType = sourcecode.c.h; name = myMap.h; path = lib/myMap.h; sourceTree = "<group>"; };
		D4652C68219E5CB2003B140B /* common.h */ = {isa = PBXFileReference; fileEncoding = 4; lastKnownFileType = sourcecode.c.h; name = common.h; path = lib/common.h; sourceTree = "<group>"; };
		D4652C6A219E5D1A003B140B /* runMapTests.cpp */ = {isa = PBXFileReference; fileEncoding = 4; lastKnownFileType = sourcecode.cpp.cpp; name = runMapTests.cpp; path = implementation/runMapTests.cpp; sourceTree = "<group>"; };
		D4652C6C219E5D41003B140B /* runMapTests.h */ = {isa = PBXFileReference; fileEncoding = 4; lastKnownFileType = sourcecode.c.h; name = runMapTests.h; path = lib/runMapTests.h; sourceTree = "<group>"; };
		D4652C6D219E68CA003B140B /* myPair.h */ = {isa = PBXFileReference; fileEncoding = 4; lastKnownFileType = sourcecode.c.h; name = myPair.h; path = lib/myPair.h; sourceTree = "<group>"; };
		D4652C6E219E6A22003B140B /* runPairTests.h */ = {isa = PBXFileReference; fileEncoding = 4; lastKnownFileType = sourcecode.c.h; name = runPairTests.h; path = lib/runPairTests.h; sourceTree = "<group>"; };
		D4652C6F219E6AD1003B140B /* runPairTests.cpp */ = {isa = PBXFileReference; fileEncoding = 4; lastKnownFileType = sourcecode.cpp.cpp; name = runPairTests.cpp; path = implementation/runPairTests.cpp; sourceTree = "<group>"; };
/* End PBXFileReference section */

/* Begin PBXFrameworksBuildPhase section */
		D40BBFDB219BE01000B0EC4A /* Frameworks */ = {
			isa = PBXFrameworksBuildPhase;
			buildActionMask = 2147483647;
			files = (
			);
			runOnlyForDeploymentPostprocessing = 0;
		};
/* End PBXFrameworksBuildPhase section */

/* Begin PBXGroup section */
		D40BBFD5219BE01000B0EC4A = {
			isa = PBXGroup;
			children = (
				D40BBFF0219BE67600B0EC4A /* lib */,
				D40BBFEE219BE66100B0EC4A /* implementation */,
				D40BBFE0219BE01000B0EC4A /* STL */,
				D40BBFDF219BE01000B0EC4A /* Products */,
			);
			sourceTree = "<group>";
		};
		D40BBFDF219BE01000B0EC4A /* Products */ = {
			isa = PBXGroup;
			children = (
				D40BBFDE219BE01000B0EC4A /* STL */,
			);
			name = Products;
			sourceTree = "<group>";
		};
		D40BBFE0219BE01000B0EC4A /* STL */ = {
			isa = PBXGroup;
			children = (
				D40BBFE1219BE01000B0EC4A /* main.cpp */,
			);
			path = STL;
			sourceTree = "<group>";
		};
		D40BBFEE219BE66100B0EC4A /* implementation */ = {
			isa = PBXGroup;
			children = (
				D40BBFF7219BE6F800B0EC4A /* runVectorTests.cpp */,
				D4652C6A219E5D1A003B140B /* runMapTests.cpp */,
				D4652C6F219E6AD1003B140B /* runPairTests.cpp */,
			);
			name = implementation;
			sourceTree = "<group>";
		};
		D40BBFF0219BE67600B0EC4A /* lib */ = {
			isa = PBXGroup;
			children = (
				D40BBFF4219BE6E300B0EC4A /* myVector.h */,
				D40BBFF5219BE6E300B0EC4A /* runTests.h */,
				D40BBFF6219BE6E300B0EC4A /* runVectorTests.h */,
				D4652C67219E585A003B140B /* myMap.h */,
				D4652C68219E5CB2003B140B /* common.h */,
				D4652C6C219E5D41003B140B /* runMapTests.h */,
				D4652C6D219E68CA003B140B /* myPair.h */,
				D4652C6E219E6A22003B140B /* runPairTests.h */,
			);
			name = lib;
			sourceTree = "<group>";
		};
/* End PBXGroup section */

/* Begin PBXNativeTarget section */
		D40BBFDD219BE01000B0EC4A /* STL */ = {
			isa = PBXNativeTarget;
			buildConfigurationList = D40BBFE5219BE01000B0EC4A /* Build configuration list for PBXNativeTarget "STL" */;
			buildPhases = (
				D40BBFDA219BE01000B0EC4A /* Sources */,
				D40BBFDB219BE01000B0EC4A /* Frameworks */,
				D40BBFDC219BE01000B0EC4A /* CopyFiles */,
			);
			buildRules = (
			);
			dependencies = (
			);
			name = STL;
			productName = STL;
			productReference = D40BBFDE219BE01000B0EC4A /* STL */;
			productType = "com.apple.product-type.tool";
		};
/* End PBXNativeTarget section */

/* Begin PBXProject section */
		D40BBFD6219BE01000B0EC4A /* Project object */ = {
			isa = PBXProject;
			attributes = {
				LastUpgradeCheck = 0830;
				ORGANIZATIONNAME = "James Jae Won Yoon";
				TargetAttributes = {
					D40BBFDD219BE01000B0EC4A = {
						CreatedOnToolsVersion = 8.3.3;
						ProvisioningStyle = Automatic;
					};
				};
			};
			buildConfigurationList = D40BBFD9219BE01000B0EC4A /* Build configuration list for PBXProject "STL" */;
			compatibilityVersion = "Xcode 3.2";
			developmentRegion = English;
			hasScannedForEncodings = 0;
			knownRegions = (
				en,
			);
			mainGroup = D40BBFD5219BE01000B0EC4A;
			productRefGroup = D40BBFDF219BE01000B0EC4A /* Products */;
			projectDirPath = "";
			projectRoot = "";
			targets = (
				D40BBFDD219BE01000B0EC4A /* STL */,
			);
		};
/* End PBXProject section */

/* Begin PBXSourcesBuildPhase section */
		D40BBFDA219BE01000B0EC4A /* Sources */ = {
			isa = PBXSourcesBuildPhase;
			buildActionMask = 2147483647;
			files = (
				D40BBFF8219BE6F800B0EC4A /* runVectorTests.cpp in Sources */,
				D4652C70219E6AD1003B140B /* runPairTests.cpp in Sources */,
				D40BBFE2219BE01000B0EC4A /* main.cpp in Sources */,
				D4652C6B219E5D1A003B140B /* runMapTests.cpp in Sources */,
			);
			runOnlyForDeploymentPostprocessing = 0;
		};
/* End PBXSourcesBuildPhase section */

/* Begin XCBuildConfiguration section */
		D40BBFE3219BE01000B0EC4A /* Debug */ = {
			isa = XCBuildConfiguration;
			buildSettings = {
				ALWAYS_SEARCH_USER_PATHS = NO;
				CLANG_ANALYZER_NONNULL = YES;
				CLANG_ANALYZER_NUMBER_OBJECT_CONVERSION = YES_AGGRESSIVE;
				CLANG_CXX_LANGUAGE_STANDARD = "gnu++0x";
				CLANG_CXX_LIBRARY = "libc++";
				CLANG_ENABLE_MODULES = YES;
				CLANG_ENABLE_OBJC_ARC = YES;
				CLANG_WARN_BOOL_CONVERSION = YES;
				CLANG_WARN_CONSTANT_CONVERSION = YES;
				CLANG_WARN_DIRECT_OBJC_ISA_USAGE = YES_ERROR;
				CLANG_WARN_DOCUMENTATION_COMMENTS = YES;
				CLANG_WARN_EMPTY_BODY = YES;
				CLANG_WARN_ENUM_CONVERSION = YES;
				CLANG_WARN_INFINITE_RECURSION = YES;
				CLANG_WARN_INT_CONVERSION = YES;
				CLANG_WARN_OBJC_ROOT_CLASS = YES_ERROR;
				CLANG_WARN_SUSPICIOUS_MOVE = YES;
				CLANG_WARN_UNREACHABLE_CODE = YES;
				CLANG_WARN__DUPLICATE_METHOD_MATCH = YES;
				CODE_SIGN_IDENTITY = "-";
				COPY_PHASE_STRIP = NO;
				DEBUG_INFORMATION_FORMAT = dwarf;
				ENABLE_STRICT_OBJC_MSGSEND = YES;
				ENABLE_TESTABILITY = YES;
				GCC_C_LANGUAGE_STANDARD = gnu99;
				GCC_DYNAMIC_NO_PIC = NO;
				GCC_NO_COMMON_BLOCKS = YES;
				GCC_OPTIMIZATION_LEVEL = 0;
				GCC_PREPROCESSOR_DEFINITIONS = (
					"DEBUG=1",
					"$(inherited)",
				);
				GCC_WARN_64_TO_32_BIT_CONVERSION = YES;
				GCC_WARN_ABOUT_RETURN_TYPE = YES_ERROR;
				GCC_WARN_UNDECLARED_SELECTOR = YES;
				GCC_WARN_UNINITIALIZED_AUTOS = YES_AGGRESSIVE;
				GCC_WARN_UNUSED_FUNCTION = YES;
				GCC_WARN_UNUSED_VARIABLE = YES;
				MACOSX_DEPLOYMENT_TARGET = 10.12;
				MTL_ENABLE_DEBUG_INFO = YES;
				ONLY_ACTIVE_ARCH = YES;
				SDKROOT = macosx;
			};
			name = Debug;
		};
		D40BBFE4219BE01000B0EC4A /* Release */ = {
			isa = XCBuildConfiguration;
			buildSettings = {
				ALWAYS_SEARCH_USER_PATHS = NO;
				CLANG_ANALYZER_NONNULL = YES;
				CLANG_ANALYZER_NUMBER_OBJECT_CONVERSION = YES_AGGRESSIVE;
				CLANG_CXX_LANGUAGE_STANDARD = "gnu++0x";
				CLANG_CXX_LIBRARY = "libc++";
				CLANG_ENABLE_MODULES = YES;
				CLANG_ENABLE_OBJC_ARC = YES;
				CLANG_WARN_BOOL_CONVERSION = YES;
				CLANG_WARN_CONSTANT_CONVERSION = YES;
				CLANG_WARN_DIRECT_OBJC_ISA_USAGE = YES_ERROR;
				CLANG_WARN_DOCUMENTATION_COMMENTS = YES;
				CLANG_WARN_EMPTY_BODY = YES;
				CLANG_WARN_ENUM_CONVERSION = YES;
				CLANG_WARN_INFINITE_RECURSION = YES;
				CLANG_WARN_INT_CONVERSION = YES;
				CLANG_WARN_OBJC_ROOT_CLASS = YES_ERROR;
				CLANG_WARN_SUSPICIOUS_MOVE = YES;
				CLANG_WARN_UNREACHABLE_CODE = YES;
				CLANG_WARN__DUPLICATE_METHOD_MATCH = YES;
				CODE_SIGN_IDENTITY = "-";
				COPY_PHASE_STRIP = NO;
				DEBUG_INFORMATION_FORMAT = "dwarf-with-dsym";
				ENABLE_NS_ASSERTIONS = NO;
				ENABLE_STRICT_OBJC_MSGSEND = YES;
				GCC_C_LANGUAGE_STANDARD = gnu99;
				GCC_NO_COMMON_BLOCKS = YES;
				GCC_WARN_64_TO_32_BIT_CONVERSION = YES;
				GCC_WARN_ABOUT_RETURN_TYPE = YES_ERROR;
				GCC_WARN_UNDECLARED_SELECTOR = YES;
				GCC_WARN_UNINITIALIZED_AUTOS = YES_AGGRESSIVE;
				GCC_WARN_UNUSED_FUNCTION = YES;
				GCC_WARN_UNUSED_VARIABLE = YES;
				MACOSX_DEPLOYMENT_TARGET = 10.12;
				MTL_ENABLE_DEBUG_INFO = NO;
				SDKROOT = macosx;
			};
			name = Release;
		};
		D40BBFE6219BE01000B0EC4A /* Debug */ = {
			isa = XCBuildConfiguration;
			buildSettings = {
				PRODUCT_NAME = "$(TARGET_NAME)";
			};
			name = Debug;
		};
		D40BBFE7219BE01000B0EC4A /* Release */ = {
			isa = XCBuildConfiguration;
			buildSettings = {
				PRODUCT_NAME = "$(TARGET_NAME)";
			};
			name = Release;
		};
/* End XCBuildConfiguration section */

/* Begin XCConfigurationList section */
		D40BBFD9219BE01000B0EC4A /* Build configuration list for PBXProject "STL" */ = {
			isa = XCConfigurationList;
			buildConfigurations = (
				D40BBFE3219BE01000B0EC4A /* Debug */,
				D40BBFE4219BE01000B0EC4A /* Release */,
			);
			defaultConfigurationIsVisible = 0;
			defaultConfigurationName = Release;
		};
		D40BBFE5219BE01000B0EC4A /* Build configuration list for PBXNativeTarget "STL" */ = {
			isa = XCConfigurationList;
			buildConfigurations = (
				D40BBFE6219BE01000B0EC4A /* Debug */,
				D40BBFE7219BE01000B0EC4A /* Release */,
			);
			defaultConfigurationIsVisible = 0;
			defaultConfigurationName = Release;
		};
/* End XCConfigurationList section */
	};
	rootObject = D40BBFD6219BE01000B0EC4A /* Project object */;
}
